
Microsoft Visual Studio Solution File, Format Version 12.00
# Visual Studio 15
VisualStudioVersion = 15.0.27130.2026
MinimumVisualStudioVersion = 10.0.40219.1
Project("{9A19103F-16F7-4668-BE54-9A1E7A4F7556}") = "Proxy", "Proxy\Proxy.csproj", "{B2256168-3B5A-4F93-8A75-8486A9F6C282}"
EndProject
Project("{2150E333-8FDC-42A3-9474-1A3956D46DE8}") = "Solution Items", "Solution Items", "{3C380891-511C-4E17-BE3A-7A3A01C36BB9}"
	ProjectSection(SolutionItems) = preProject
		.dockerignore = .dockerignore
		..\CHANGELOG.md = ..\CHANGELOG.md
		docker-compose.yml = docker-compose.yml
		Dockerfile = Dockerfile
		global.json = global.json
		..\README.md = ..\README.md
		Directory.Packages.props = Directory.Packages.props
	EndProjectSection
EndProject
Project("{9A19103F-16F7-4668-BE54-9A1E7A4F7556}") = "Proxy.Shared", "Proxy.Shared\Proxy.Shared.csproj", "{16ADB926-350D-4A8A-AFED-C51E2321FFA0}"
EndProject
Project("{9A19103F-16F7-4668-BE54-9A1E7A4F7556}") = "ExampleHandlers", "ExampleHandlers\ExampleHandlers.csproj", "{F0439720-EE17-4932-BCA5-18FA76289A1C}"
EndProject
Global
	GlobalSection(SolutionConfigurationPlatforms) = preSolution
		Debug|Any CPU = Debug|Any CPU
		Release|Any CPU = Release|Any CPU
	EndGlobalSection
	GlobalSection(ProjectConfigurationPlatforms) = postSolution
		{B2256168-3B5A-4F93-8A75-8486A9F6C282}.Debug|Any CPU.ActiveCfg = Debug|Any CPU
		{B2256168-3B5A-4F93-8A75-8486A9F6C282}.Debug|Any CPU.Build.0 = Debug|Any CPU
		{B2256168-3B5A-4F93-8A75-8486A9F6C282}.Release|Any CPU.ActiveCfg = Release|Any CPU
		{B2256168-3B5A-4F93-8A75-8486A9F6C282}.Release|Any CPU.Build.0 = Release|Any CPU
		{16ADB926-350D-4A8A-AFED-C51E2321FFA0}.Debug|Any CPU.ActiveCfg = Debug|Any CPU
		{16ADB926-350D-4A8A-AFED-C51E2321FFA0}.Debug|Any CPU.Build.0 = Debug|Any CPU
		{16ADB926-350D-4A8A-AFED-C51E2321FFA0}.Release|Any CPU.ActiveCfg = Release|Any CPU
		{16ADB926-350D-4A8A-AFED-C51E2321FFA0}.Release|Any CPU.Build.0 = Release|Any CPU
		{F0439720-EE17-4932-BCA5-18FA76289A1C}.Debug|Any CPU.ActiveCfg = Debug|Any CPU
		{F0439720-EE17-4932-BCA5-18FA76289A1C}.Debug|Any CPU.Build.0 = Debug|Any CPU
		{F0439720-EE17-4932-BCA5-18FA76289A1C}.Release|Any CPU.ActiveCfg = Release|Any CPU
		{F0439720-EE17-4932-BCA5-18FA76289A1C}.Release|Any CPU.Build.0 = Release|Any CPU
	EndGlobalSection
	GlobalSection(SolutionProperties) = preSolution
		HideSolutionNode = FALSE
	EndGlobalSection
	GlobalSection(ExtensibilityGlobals) = postSolution
		SolutionGuid = {A7146F0D-F3C7-4AD2-8DF7-B7130BB28EA0}
	EndGlobalSection
EndGlobal
