
Microsoft Visual Studio Solution File, Format Version 12.00
# Visual Studio 15
VisualStudioVersion = 15.0.27130.2010
MinimumVisualStudioVersion = 10.0.40219.1
Project("{9A19103F-16F7-4668-BE54-9A1E7A4F7556}") = "Proxy", ".\Proxy\Proxy.csproj", "{B2256168-3B5A-4F93-8A75-8486A9F6C282}"
EndProject
Project("{FAE04EC0-301F-11D3-BF4B-00C04F79EFBC}") = "TestMicroservice", ".\TestMicroservice\TestMicroservice.csproj", "{FCBF29B9-BD4D-46C2-B046-8A2CD32CB72B}"
EndProject
Global
	GlobalSection(SolutionConfigurationPlatforms) = preSolution
		Debug|Any CPU = Debug|Any CPU
		Release|Any CPU = Release|Any CPU
	EndGlobalSection
	GlobalSection(ProjectConfigurationPlatforms) = postSolution
		{B2256168-3B5A-4F93-8A75-8486A9F6C282}.Debug|Any CPU.ActiveCfg = Debug|Any CPU
		{B2256168-3B5A-4F93-8A75-8486A9F6C282}.Debug|Any CPU.Build.0 = Debug|Any CPU
		{B2256168-3B5A-4F93-8A75-8486A9F6C282}.Release|Any CPU.ActiveCfg = Release|Any CPU
		{B2256168-3B5A-4F93-8A75-8486A9F6C282}.Release|Any CPU.Build.0 = Release|Any CPU
		{FCBF29B9-BD4D-46C2-B046-8A2CD32CB72B}.Debug|Any CPU.ActiveCfg = Debug|Any CPU
		{FCBF29B9-BD4D-46C2-B046-8A2CD32CB72B}.Debug|Any CPU.Build.0 = Debug|Any CPU
		{FCBF29B9-BD4D-46C2-B046-8A2CD32CB72B}.Release|Any CPU.ActiveCfg = Release|Any CPU
		{FCBF29B9-BD4D-46C2-B046-8A2CD32CB72B}.Release|Any CPU.Build.0 = Release|Any CPU
	EndGlobalSection
	GlobalSection(SolutionProperties) = preSolution
		HideSolutionNode = FALSE
	EndGlobalSection
	GlobalSection(ExtensibilityGlobals) = postSolution
		SolutionGuid = {A7146F0D-F3C7-4AD2-8DF7-B7130BB28EA0}
	EndGlobalSection
EndGlobal
